{
  "name": "@frctl/twig",
  "version": "1.0.0-beta.2",
  "lockfileVersion": 1,
  "requires": true,
  "dependencies": {
    "balanced-match": {
      "version": "1.0.0",
      "resolved": "https://registry.npmjs.org/balanced-match/-/balanced-match-1.0.0.tgz",
      "integrity": "sha1-ibTRmasr7kneFk6gK4nORi1xt2c="
    },
    "brace-expansion": {
      "version": "1.1.11",
      "resolved": "https://registry.npmjs.org/brace-expansion/-/brace-expansion-1.1.11.tgz",
      "integrity": "sha512-iCuPHDFgrHX7H2vEI/5xpz07zSHB00TpugqhmYtVmMO6518mCuRMoOYFldEBl0g187ufozdaHgWKcYFb61qGiA==",
      "requires": {
        "balanced-match": "^1.0.0",
        "concat-map": "0.0.1"
      }
    },
    "concat-map": {
      "version": "0.0.1",
      "resolved": "https://registry.npmjs.org/concat-map/-/concat-map-0.0.1.tgz",
      "integrity": "sha1-2Klr13/Wjfd5OnMDajug1UBdR3s="
    },
    "foreachasync": {
      "version": "3.0.0",
      "resolved": "https://registry.npmjs.org/foreachasync/-/foreachasync-3.0.0.tgz",
      "integrity": "sha1-VQKYfchxS+M5IJfzLgBxyd7gfPY="
    },
    "locutus": {
      "version": "2.0.9",
      "resolved": "https://registry.npmjs.org/locutus/-/locutus-2.0.9.tgz",
      "integrity": "sha1-4mWvHoX9GRc+dDhjc4iFYHg6Avw="
    },
    "lodash": {
      "version": "4.17.10",
      "resolved": "https://registry.npmjs.org/lodash/-/lodash-4.17.10.tgz",
      "integrity": "sha512-UejweD1pDoXu+AD825lWwp4ZGtSwgnpZxb3JDViD7StjQz+Nb/6l093lx4OQ0foGWNRoc19mWy7BzL+UAK2iVg=="
    },
    "minimatch": {
      "version": "3.0.4",
      "resolved": "https://registry.npmjs.org/minimatch/-/minimatch-3.0.4.tgz",
      "integrity": "sha512-yJHVQEhyqPLUTgt9B83PXu6W3rx4MvvHvSUvToogpwoGDOUQ+yDrR0HRot+yOCdCO7u4hX3pWft6kWBBcqh0UA==",
      "requires": {
        "brace-expansion": "^1.1.7"
      }
    },
    "twig": {
      "version": "1.12.0",
      "resolved": "https://registry.npmjs.org/twig/-/twig-1.12.0.tgz",
      "integrity": "sha512-zm5OQXb8bQDGQUPytFgjqMKHhqcz/s6pU6Nwsy+rKPhsoOOVwYeHnziiDGFzeTDiFd28M8EVkEO8we6ikcrGjQ==",
      "requires": {
        "locutus": "^2.0.5",
        "minimatch": "3.0.x",
        "walk": "2.3.x"
      }
    },
    "walk": {
      "version": "2.3.14",
      "resolved": "https://registry.npmjs.org/walk/-/walk-2.3.14.tgz",
      "integrity": "sha512-5skcWAUmySj6hkBdH6B6+3ddMjVQYH5Qy9QGbPmN8kVmLteXk+yVXg+yfk1nbX30EYakahLrr8iPcCxJQSCBeg==",
      "requires": {
        "foreachasync": "^3.0.0"
      }
    }
  }
}
