# THIS IS AN AUTOGENERATED FILE. DO NOT EDIT THIS FILE DIRECTLY.
# yarn lockfile v1


"@frctl/utils@^0.5.2":
  version "0.5.2"
  resolved "https://registry.yarnpkg.com/@frctl/utils/-/utils-0.5.2.tgz#1d4d537267eed2e23272b33337df3c6ebd3ddff2"
  dependencies:
    chai "^3.5.0"
    chai-as-promised "^6.0.0"
    check-types "^7.1.5"
    dot-object "^1.5.4"
    lodash "^4.16.3"
    parent-require "^1.0.0"
    sinon "^1.17.7"
    slugify "^1.1.0"
    titlecase "^1.1.2"
    uuid "^2.0.3"

array-differ@^1.0.0:
  version "1.0.0"
  resolved "https://registry.yarnpkg.com/array-differ/-/array-differ-1.0.0.tgz#eff52e3758249d33be402b8bb8e564bb2b5d4031"

array-union@^1.0.1:
  version "1.0.2"
  resolved "https://registry.yarnpkg.com/array-union/-/array-union-1.0.2.tgz#9a34410e4f4e3da23dea375be5be70f24778ec39"
  dependencies:
    array-uniq "^1.0.1"

array-uniq@^1.0.1:
  version "1.0.3"
  resolved "https://registry.yarnpkg.com/array-uniq/-/array-uniq-1.0.3.tgz#af6ac877a25cc7f74e058894753858dfdb24fdb6"

arrify@^1.0.0:
  version "1.0.1"
  resolved "https://registry.yarnpkg.com/arrify/-/arrify-1.0.1.tgz#898508da2226f380df904728456849c1501a4b0d"

assertion-error@^1.0.1:
  version "1.0.2"
  resolved "https://registry.yarnpkg.com/assertion-error/-/assertion-error-1.0.2.tgz#13ca515d86206da0bac66e834dd397d87581094c"

balanced-match@^1.0.0:
  version "1.0.0"
  resolved "https://registry.yarnpkg.com/balanced-match/-/balanced-match-1.0.0.tgz#89b4d199ab2bee49de164ea02b89ce462d71b767"

brace-expansion@^1.1.7:
  version "1.1.8"
  resolved "https://registry.yarnpkg.com/brace-expansion/-/brace-expansion-1.1.8.tgz#c07b211c7c952ec1f8efd51a77ef0d1d3990a292"
  dependencies:
    balanced-match "^1.0.0"
    concat-map "0.0.1"

chai-as-promised@^6.0.0:
  version "6.0.0"
  resolved "https://registry.yarnpkg.com/chai-as-promised/-/chai-as-promised-6.0.0.tgz#1a02a433a6f24dafac63b9c96fa1684db1aa8da6"
  dependencies:
    check-error "^1.0.2"

chai@^3.5.0:
  version "3.5.0"
  resolved "https://registry.yarnpkg.com/chai/-/chai-3.5.0.tgz#4d02637b067fe958bdbfdd3a40ec56fef7373247"
  dependencies:
    assertion-error "^1.0.1"
    deep-eql "^0.1.3"
    type-detect "^1.0.0"

check-error@^1.0.2:
  version "1.0.2"
  resolved "https://registry.yarnpkg.com/check-error/-/check-error-1.0.2.tgz#574d312edd88bb5dd8912e9286dd6c0aed4aac82"

check-more-types@^2.24.0:
  version "2.24.0"
  resolved "https://registry.yarnpkg.com/check-more-types/-/check-more-types-2.24.0.tgz#1420ffb10fd444dcfc79b43891bbfffd32a84600"

check-types@^7.1.5, check-types@^7.2.0:
  version "7.2.0"
  resolved "https://registry.yarnpkg.com/check-types/-/check-types-7.2.0.tgz#a42786e795be2970b5620d334d40e9ff6f2511a5"

clone-buffer@^1.0.0:
  version "1.0.0"
  resolved "https://registry.yarnpkg.com/clone-buffer/-/clone-buffer-1.0.0.tgz#e3e25b207ac4e701af721e2cb5a16792cac3dc58"

clone-stats@^1.0.0:
  version "1.0.0"
  resolved "https://registry.yarnpkg.com/clone-stats/-/clone-stats-1.0.0.tgz#b3782dff8bb5474e18b9b6bf0fdfe782f8777680"

clone@^2.1.1:
  version "2.1.1"
  resolved "https://registry.yarnpkg.com/clone/-/clone-2.1.1.tgz#d217d1e961118e3ac9a4b8bba3285553bf647cdb"

cloneable-readable@^1.0.0:
  version "1.0.0"
  resolved "https://registry.yarnpkg.com/cloneable-readable/-/cloneable-readable-1.0.0.tgz#a6290d413f217a61232f95e458ff38418cfb0117"
  dependencies:
    inherits "^2.0.1"
    process-nextick-args "^1.0.6"
    through2 "^2.0.1"

commander@^2.9.0:
  version "2.11.0"
  resolved "https://registry.yarnpkg.com/commander/-/commander-2.11.0.tgz#157152fd1e7a6c8d98a5b715cf376df928004563"

concat-map@0.0.1:
  version "0.0.1"
  resolved "https://registry.yarnpkg.com/concat-map/-/concat-map-0.0.1.tgz#d8a96bd77fd68df7793a73036a3ba0d5405d477b"

core-util-is@~1.0.0:
  version "1.0.2"
  resolved "https://registry.yarnpkg.com/core-util-is/-/core-util-is-1.0.2.tgz#b5fd54220aa2bc5ab57aab7140c940754503c1a7"

deep-eql@^0.1.3:
  version "0.1.3"
  resolved "https://registry.yarnpkg.com/deep-eql/-/deep-eql-0.1.3.tgz#ef558acab8de25206cd713906d74e56930eb69f2"
  dependencies:
    type-detect "0.1.1"

dot-object@^1.5.4:
  version "1.6.0"
  resolved "https://registry.yarnpkg.com/dot-object/-/dot-object-1.6.0.tgz#61c61ca764ea780cb563fe3b51a56d0cf5aa4070"
  dependencies:
    commander "^2.9.0"
    glob "^7.0.5"

formatio@1.1.1:
  version "1.1.1"
  resolved "https://registry.yarnpkg.com/formatio/-/formatio-1.1.1.tgz#5ed3ccd636551097383465d996199100e86161e9"
  dependencies:
    samsam "~1.1"

fs.realpath@^1.0.0:
  version "1.0.0"
  resolved "https://registry.yarnpkg.com/fs.realpath/-/fs.realpath-1.0.0.tgz#1504ad2523158caa40db4a2787cb01411994ea4f"

glob@^7.0.5:
  version "7.1.2"
  resolved "https://registry.yarnpkg.com/glob/-/glob-7.1.2.tgz#c19c9df9a028702d678612384a6552404c636d15"
  dependencies:
    fs.realpath "^1.0.0"
    inflight "^1.0.4"
    inherits "2"
    minimatch "^3.0.4"
    once "^1.3.0"
    path-is-absolute "^1.0.0"

inflight@^1.0.4:
  version "1.0.6"
  resolved "https://registry.yarnpkg.com/inflight/-/inflight-1.0.6.tgz#49bd6331d7d02d0c09bc910a1075ba8165b56df9"
  dependencies:
    once "^1.3.0"
    wrappy "1"

inherits@2, inherits@^2.0.1, inherits@~2.0.3:
  version "2.0.3"
  resolved "https://registry.yarnpkg.com/inherits/-/inherits-2.0.3.tgz#633c2c83e3da42a502f52466022480f4208261de"

inherits@2.0.1:
  version "2.0.1"
  resolved "https://registry.yarnpkg.com/inherits/-/inherits-2.0.1.tgz#b17d08d326b4423e568eff719f91b0b1cbdf69f1"

isarray@~1.0.0:
  version "1.0.0"
  resolved "https://registry.yarnpkg.com/isarray/-/isarray-1.0.0.tgz#bb935d48582cba168c06834957a54a3e07124f11"

lodash@^4.16.3, lodash@^4.17.4:
  version "4.17.4"
  resolved "https://registry.yarnpkg.com/lodash/-/lodash-4.17.4.tgz#78203a4d1c328ae1d86dca6460e369b57f4055ae"

lolex@1.3.2:
  version "1.3.2"
  resolved "https://registry.yarnpkg.com/lolex/-/lolex-1.3.2.tgz#7c3da62ffcb30f0f5a80a2566ca24e45d8a01f31"

minimatch@^3.0.0, minimatch@^3.0.4:
  version "3.0.4"
  resolved "https://registry.yarnpkg.com/minimatch/-/minimatch-3.0.4.tgz#5166e286457f03306064be5497e8dbb0c3d32083"
  dependencies:
    brace-expansion "^1.1.7"

multimatch@^2.1.0:
  version "2.1.0"
  resolved "https://registry.yarnpkg.com/multimatch/-/multimatch-2.1.0.tgz#9c7906a22fb4c02919e2f5f75161b4cdbd4b2a2b"
  dependencies:
    array-differ "^1.0.0"
    array-union "^1.0.1"
    arrify "^1.0.0"
    minimatch "^3.0.0"

once@^1.3.0:
  version "1.4.0"
  resolved "https://registry.yarnpkg.com/once/-/once-1.4.0.tgz#583b1aa775961d4b113ac17d9c50baef9dd76bd1"
  dependencies:
    wrappy "1"

parent-require@^1.0.0:
  version "1.0.0"
  resolved "https://registry.yarnpkg.com/parent-require/-/parent-require-1.0.0.tgz#746a167638083a860b0eef6732cb27ed46c32977"

path-is-absolute@^1.0.0:
  version "1.0.1"
  resolved "https://registry.yarnpkg.com/path-is-absolute/-/path-is-absolute-1.0.1.tgz#174b9268735534ffbc7ace6bf53a5a9e1b5c5f5f"

process-nextick-args@^1.0.6, process-nextick-args@~1.0.6:
  version "1.0.7"
  resolved "https://registry.yarnpkg.com/process-nextick-args/-/process-nextick-args-1.0.7.tgz#150e20b756590ad3f91093f25a4f2ad8bff30ba3"

readable-stream@^2.1.5:
  version "2.3.3"
  resolved "https://registry.yarnpkg.com/readable-stream/-/readable-stream-2.3.3.tgz#368f2512d79f9d46fdfc71349ae7878bbc1eb95c"
  dependencies:
    core-util-is "~1.0.0"
    inherits "~2.0.3"
    isarray "~1.0.0"
    process-nextick-args "~1.0.6"
    safe-buffer "~5.1.1"
    string_decoder "~1.0.3"
    util-deprecate "~1.0.1"

remove-trailing-separator@^1.0.1:
  version "1.0.2"
  resolved "https://registry.yarnpkg.com/remove-trailing-separator/-/remove-trailing-separator-1.0.2.tgz#69b062d978727ad14dc6b56ba4ab772fd8d70511"

replace-ext@^1.0.0:
  version "1.0.0"
  resolved "https://registry.yarnpkg.com/replace-ext/-/replace-ext-1.0.0.tgz#de63128373fcbf7c3ccfa4de5a480c45a67958eb"

safe-buffer@~5.1.0, safe-buffer@~5.1.1:
  version "5.1.1"
  resolved "https://registry.yarnpkg.com/safe-buffer/-/safe-buffer-5.1.1.tgz#893312af69b2123def71f57889001671eeb2c853"

samsam@1.1.2, samsam@~1.1:
  version "1.1.2"
  resolved "https://registry.yarnpkg.com/samsam/-/samsam-1.1.2.tgz#bec11fdc83a9fda063401210e40176c3024d1567"

sinon@^1.17.7:
  version "1.17.7"
  resolved "https://registry.yarnpkg.com/sinon/-/sinon-1.17.7.tgz#4542a4f49ba0c45c05eb2e9dd9d203e2b8efe0bf"
  dependencies:
    formatio "1.1.1"
    lolex "1.3.2"
    samsam "1.1.2"
    util ">=0.10.3 <1"

slash@^1.0.0:
  version "1.0.0"
  resolved "https://registry.yarnpkg.com/slash/-/slash-1.0.0.tgz#c41f2f6c39fc16d1cd17ad4b5d896114ae470d55"

slugify@^1.1.0:
  version "1.1.0"
  resolved "https://registry.yarnpkg.com/slugify/-/slugify-1.1.0.tgz#7e5b0938d52b5efab1878247ef0f6a4f05db7ee0"

string_decoder@~1.0.3:
  version "1.0.3"
  resolved "https://registry.yarnpkg.com/string_decoder/-/string_decoder-1.0.3.tgz#0fc67d7c141825de94282dd536bec6b9bce860ab"
  dependencies:
    safe-buffer "~5.1.0"

through2@^2.0.1:
  version "2.0.3"
  resolved "https://registry.yarnpkg.com/through2/-/through2-2.0.3.tgz#0004569b37c7c74ba39c43f3ced78d1ad94140be"
  dependencies:
    readable-stream "^2.1.5"
    xtend "~4.0.1"

titlecase@^1.1.2:
  version "1.1.2"
  resolved "https://registry.yarnpkg.com/titlecase/-/titlecase-1.1.2.tgz#78113d1108086b8326331a3247dea8f5a49ea853"

type-detect@0.1.1:
  version "0.1.1"
  resolved "https://registry.yarnpkg.com/type-detect/-/type-detect-0.1.1.tgz#0ba5ec2a885640e470ea4e8505971900dac58822"

type-detect@^1.0.0:
  version "1.0.0"
  resolved "https://registry.yarnpkg.com/type-detect/-/type-detect-1.0.0.tgz#762217cc06db258ec48908a1298e8b95121e8ea2"

util-deprecate@~1.0.1:
  version "1.0.2"
  resolved "https://registry.yarnpkg.com/util-deprecate/-/util-deprecate-1.0.2.tgz#450d4dc9fa70de732762fbd2d4a28981419a0ccf"

"util@>=0.10.3 <1":
  version "0.10.3"
  resolved "https://registry.yarnpkg.com/util/-/util-0.10.3.tgz#7afb1afe50805246489e3db7fe0ed379336ac0f9"
  dependencies:
    inherits "2.0.1"

uuid@^2.0.3:
  version "2.0.3"
  resolved "https://registry.yarnpkg.com/uuid/-/uuid-2.0.3.tgz#67e2e863797215530dff318e5bf9dcebfd47b21a"

vinyl@^2.1.0:
  version "2.1.0"
  resolved "https://registry.yarnpkg.com/vinyl/-/vinyl-2.1.0.tgz#021f9c2cf951d6b939943c89eb5ee5add4fd924c"
  dependencies:
    clone "^2.1.1"
    clone-buffer "^1.0.0"
    clone-stats "^1.0.0"
    cloneable-readable "^1.0.0"
    remove-trailing-separator "^1.0.1"
    replace-ext "^1.0.0"

wrappy@1:
  version "1.0.2"
  resolved "https://registry.yarnpkg.com/wrappy/-/wrappy-1.0.2.tgz#b5243d8f3ec1aa35f1364605bc0d1036e30ab69f"

xtend@~4.0.1:
  version "4.0.1"
  resolved "https://registry.yarnpkg.com/xtend/-/xtend-4.0.1.tgz#a5c6d532be656e23db820efb943a1f04998d63af"
