# THIS IS AN AUTOGENERATED FILE. DO NOT EDIT THIS FILE DIRECTLY.
# yarn lockfile v1


"@frctl/utils@2.0.0-beta.0":
  version "2.0.0-alpha.7"
  resolved "https://registry.yarnpkg.com/@frctl/utils/-/utils-2.0.0-alpha.7.tgz#96a5367274c487c1f3055d3d00521d023444dfe7"
  dependencies:
    check-types "^7.1.5"
    deep-aplus "^1.0.4"
    eventemitter2 "^4.1.0"
    lodash "^4.17.4"
    multimatch "^2.1.0"
    pify "^3.0.0"
    slash "^1.0.0"
    slugify "^1.1.0"
    titlecase "^1.1.2"
    vinyl "^2.0.2"

"@types/node@^6.0.46":
  version "6.0.89"
  resolved "https://registry.yarnpkg.com/@types/node/-/node-6.0.89.tgz#154be0e6a823760cd6083aa8c48f952e2e63e0b0"

ajv-keywords@^2.1.0:
  version "2.1.0"
  resolved "https://registry.yarnpkg.com/ajv-keywords/-/ajv-keywords-2.1.0.tgz#a296e17f7bfae7c1ce4f7e0de53d29cb32162df0"

ajv@^5.2.2:
  version "5.2.3"
  resolved "https://registry.yarnpkg.com/ajv/-/ajv-5.2.3.tgz#c06f598778c44c6b161abafe3466b81ad1814ed2"
  dependencies:
    co "^4.6.0"
    fast-deep-equal "^1.0.0"
    json-schema-traverse "^0.3.0"
    json-stable-stringify "^1.0.1"

array-differ@^1.0.0:
  version "1.0.0"
  resolved "https://registry.yarnpkg.com/array-differ/-/array-differ-1.0.0.tgz#eff52e3758249d33be402b8bb8e564bb2b5d4031"

array-union@^1.0.1:
  version "1.0.2"
  resolved "https://registry.yarnpkg.com/array-union/-/array-union-1.0.2.tgz#9a34410e4f4e3da23dea375be5be70f24778ec39"
  dependencies:
    array-uniq "^1.0.1"

array-uniq@^1.0.1:
  version "1.0.3"
  resolved "https://registry.yarnpkg.com/array-uniq/-/array-uniq-1.0.3.tgz#af6ac877a25cc7f74e058894753858dfdb24fdb6"

arrify@^1.0.0:
  version "1.0.1"
  resolved "https://registry.yarnpkg.com/arrify/-/arrify-1.0.1.tgz#898508da2226f380df904728456849c1501a4b0d"

balanced-match@^1.0.0:
  version "1.0.0"
  resolved "https://registry.yarnpkg.com/balanced-match/-/balanced-match-1.0.0.tgz#89b4d199ab2bee49de164ea02b89ce462d71b767"

brace-expansion@^1.1.7:
  version "1.1.8"
  resolved "https://registry.yarnpkg.com/brace-expansion/-/brace-expansion-1.1.8.tgz#c07b211c7c952ec1f8efd51a77ef0d1d3990a292"
  dependencies:
    balanced-match "^1.0.0"
    concat-map "0.0.1"

camelcase@^3.0.0:
  version "3.0.0"
  resolved "https://registry.yarnpkg.com/camelcase/-/camelcase-3.0.0.tgz#32fc4b9fcdaf845fcdf7e73bb97cac2261f0ab0a"

ccount@^1.0.0:
  version "1.0.2"
  resolved "https://registry.yarnpkg.com/ccount/-/ccount-1.0.2.tgz#53b6a2f815bb77b9c2871f7b9a72c3a25f1d8e89"

character-entities-html4@^1.0.0:
  version "1.1.1"
  resolved "https://registry.yarnpkg.com/character-entities-html4/-/character-entities-html4-1.1.1.tgz#359a2a4a0f7e29d3dc2ac99bdbe21ee39438ea50"

character-entities-legacy@^1.0.0:
  version "1.1.1"
  resolved "https://registry.yarnpkg.com/character-entities-legacy/-/character-entities-legacy-1.1.1.tgz#f40779df1a101872bb510a3d295e1fccf147202f"

check-more-types@^2.24.0:
  version "2.24.0"
  resolved "https://registry.yarnpkg.com/check-more-types/-/check-more-types-2.24.0.tgz#1420ffb10fd444dcfc79b43891bbfffd32a84600"

check-types@^7.1.5, check-types@^7.2.0:
  version "7.2.0"
  resolved "https://registry.yarnpkg.com/check-types/-/check-types-7.2.0.tgz#a42786e795be2970b5620d334d40e9ff6f2511a5"

clone-buffer@^1.0.0:
  version "1.0.0"
  resolved "https://registry.yarnpkg.com/clone-buffer/-/clone-buffer-1.0.0.tgz#e3e25b207ac4e701af721e2cb5a16792cac3dc58"

clone-stats@^1.0.0:
  version "1.0.0"
  resolved "https://registry.yarnpkg.com/clone-stats/-/clone-stats-1.0.0.tgz#b3782dff8bb5474e18b9b6bf0fdfe782f8777680"

clone@^2.1.1:
  version "2.1.1"
  resolved "https://registry.yarnpkg.com/clone/-/clone-2.1.1.tgz#d217d1e961118e3ac9a4b8bba3285553bf647cdb"

cloneable-readable@^1.0.0:
  version "1.0.0"
  resolved "https://registry.yarnpkg.com/cloneable-readable/-/cloneable-readable-1.0.0.tgz#a6290d413f217a61232f95e458ff38418cfb0117"
  dependencies:
    inherits "^2.0.1"
    process-nextick-args "^1.0.6"
    through2 "^2.0.1"

co@^4.6.0:
  version "4.6.0"
  resolved "https://registry.yarnpkg.com/co/-/co-4.6.0.tgz#6ea6bdf3d853ae54ccb8e47bfa0bf3f9031fb184"

comma-separated-tokens@^1.0.0, comma-separated-tokens@^1.0.1:
  version "1.0.4"
  resolved "https://registry.yarnpkg.com/comma-separated-tokens/-/comma-separated-tokens-1.0.4.tgz#72083e58d4a462f01866f6617f4d98a3cd3b8a46"
  dependencies:
    trim "0.0.1"

concat-map@0.0.1:
  version "0.0.1"
  resolved "https://registry.yarnpkg.com/concat-map/-/concat-map-0.0.1.tgz#d8a96bd77fd68df7793a73036a3ba0d5405d477b"

core-util-is@~1.0.0:
  version "1.0.2"
  resolved "https://registry.yarnpkg.com/core-util-is/-/core-util-is-1.0.2.tgz#b5fd54220aa2bc5ab57aab7140c940754503c1a7"

debug@^3.0.0:
  version "3.1.0"
  resolved "https://registry.yarnpkg.com/debug/-/debug-3.1.0.tgz#5bb5a0672628b64149566ba16819e61518c67261"
  dependencies:
    ms "2.0.0"

deep-aplus@^1.0.4:
  version "1.0.4"
  resolved "https://registry.yarnpkg.com/deep-aplus/-/deep-aplus-1.0.4.tgz#e1ec4c10a00b5046b59e0ddd0519d101ae315e8f"
  dependencies:
    lodash.isplainobject "^4.0.6"

errno@^0.1.3:
  version "0.1.4"
  resolved "https://registry.yarnpkg.com/errno/-/errno-0.1.4.tgz#b896e23a9e5e8ba33871fc996abd3635fc9a1c7d"
  dependencies:
    prr "~0.0.0"

eventemitter2@^4.1.0, eventemitter2@^4.1.2:
  version "4.1.2"
  resolved "https://registry.yarnpkg.com/eventemitter2/-/eventemitter2-4.1.2.tgz#0e1a8477af821a6ef3995b311bf74c23a5247f15"

fast-deep-equal@^1.0.0:
  version "1.0.0"
  resolved "https://registry.yarnpkg.com/fast-deep-equal/-/fast-deep-equal-1.0.0.tgz#96256a3bc975595eb36d82e9929d060d893439ff"

fill-keys@^1.0.2:
  version "1.0.2"
  resolved "https://registry.yarnpkg.com/fill-keys/-/fill-keys-1.0.2.tgz#9a8fa36f4e8ad634e3bf6b4f3c8882551452eb20"
  dependencies:
    is-object "~1.0.1"
    merge-descriptors "~1.0.0"

hast-util-from-parse5@^2.1.0:
  version "2.1.0"
  resolved "https://registry.yarnpkg.com/hast-util-from-parse5/-/hast-util-from-parse5-2.1.0.tgz#f6123d83d3689630b097e13e430d16d9d1bd8884"
  dependencies:
    camelcase "^3.0.0"
    hastscript "^3.0.0"
    property-information "^3.1.0"
    vfile-location "^2.0.0"

hast-util-is-element@^1.0.0:
  version "1.0.0"
  resolved "https://registry.yarnpkg.com/hast-util-is-element/-/hast-util-is-element-1.0.0.tgz#3f7216978b2ae14d98749878782675f33be3ce00"

hast-util-parse-selector@^2.0.0:
  version "2.1.0"
  resolved "https://registry.yarnpkg.com/hast-util-parse-selector/-/hast-util-parse-selector-2.1.0.tgz#b55c0f4bb7bb2040c889c325ef87ab29c38102b4"

hast-util-to-html@^3.1.0:
  version "3.1.0"
  resolved "https://registry.yarnpkg.com/hast-util-to-html/-/hast-util-to-html-3.1.0.tgz#882c99849e40130e991c042e456d453d95c36cff"
  dependencies:
    ccount "^1.0.0"
    comma-separated-tokens "^1.0.1"
    hast-util-is-element "^1.0.0"
    hast-util-whitespace "^1.0.0"
    html-void-elements "^1.0.0"
    kebab-case "^1.0.0"
    property-information "^3.1.0"
    space-separated-tokens "^1.0.0"
    stringify-entities "^1.0.1"
    unist-util-is "^2.0.0"
    xtend "^4.0.1"

hast-util-whitespace@^1.0.0:
  version "1.0.0"
  resolved "https://registry.yarnpkg.com/hast-util-whitespace/-/hast-util-whitespace-1.0.0.tgz#bd096919625d2936e1ff17bc4df7fd727f17ece9"

hastscript@^3.0.0:
  version "3.1.0"
  resolved "https://registry.yarnpkg.com/hastscript/-/hastscript-3.1.0.tgz#66628ba6d7f1ad07d9277dd09028aba7f4934599"
  dependencies:
    camelcase "^3.0.0"
    comma-separated-tokens "^1.0.0"
    hast-util-parse-selector "^2.0.0"
    property-information "^3.0.0"
    space-separated-tokens "^1.0.0"

html-void-elements@^1.0.0:
  version "1.0.2"
  resolved "https://registry.yarnpkg.com/html-void-elements/-/html-void-elements-1.0.2.tgz#9d22e0ca32acc95b3f45b8d5b4f6fbdc05affd55"

inherits@^2.0.1, inherits@~2.0.3:
  version "2.0.3"
  resolved "https://registry.yarnpkg.com/inherits/-/inherits-2.0.3.tgz#633c2c83e3da42a502f52466022480f4208261de"

is-alphabetical@^1.0.0:
  version "1.0.1"
  resolved "https://registry.yarnpkg.com/is-alphabetical/-/is-alphabetical-1.0.1.tgz#c77079cc91d4efac775be1034bf2d243f95e6f08"

is-alphanumerical@^1.0.0:
  version "1.0.1"
  resolved "https://registry.yarnpkg.com/is-alphanumerical/-/is-alphanumerical-1.0.1.tgz#dfb4aa4d1085e33bdb61c2dee9c80e9c6c19f53b"
  dependencies:
    is-alphabetical "^1.0.0"
    is-decimal "^1.0.0"

is-decimal@^1.0.0:
  version "1.0.1"
  resolved "https://registry.yarnpkg.com/is-decimal/-/is-decimal-1.0.1.tgz#f5fb6a94996ad9e8e3761fbfbd091f1fca8c4e82"

is-hexadecimal@^1.0.0:
  version "1.0.1"
  resolved "https://registry.yarnpkg.com/is-hexadecimal/-/is-hexadecimal-1.0.1.tgz#6e084bbc92061fbb0971ec58b6ce6d404e24da69"

is-object@~1.0.1:
  version "1.0.1"
  resolved "https://registry.yarnpkg.com/is-object/-/is-object-1.0.1.tgz#8952688c5ec2ffd6b03ecc85e769e02903083470"

isarray@~1.0.0:
  version "1.0.0"
  resolved "https://registry.yarnpkg.com/isarray/-/isarray-1.0.0.tgz#bb935d48582cba168c06834957a54a3e07124f11"

json-schema-traverse@^0.3.0:
  version "0.3.1"
  resolved "https://registry.yarnpkg.com/json-schema-traverse/-/json-schema-traverse-0.3.1.tgz#349a6d44c53a51de89b40805c5d5e59b417d3340"

json-stable-stringify@^1.0.1:
  version "1.0.1"
  resolved "https://registry.yarnpkg.com/json-stable-stringify/-/json-stable-stringify-1.0.1.tgz#9a759d39c5f2ff503fd5300646ed445f88c4f9af"
  dependencies:
    jsonify "~0.0.0"

jsonify@~0.0.0:
  version "0.0.0"
  resolved "https://registry.yarnpkg.com/jsonify/-/jsonify-0.0.0.tgz#2c74b6ee41d93ca51b7b5aaee8f503631d252a73"

kebab-case@^1.0.0:
  version "1.0.0"
  resolved "https://registry.yarnpkg.com/kebab-case/-/kebab-case-1.0.0.tgz#3f9e4990adcad0c686c0e701f7645868f75f91eb"

lodash.isplainobject@^4.0.6:
  version "4.0.6"
  resolved "https://registry.yarnpkg.com/lodash.isplainobject/-/lodash.isplainobject-4.0.6.tgz#7c526a52d89b45c45cc690b88163be0497f550cb"

lodash@^4.17.4:
  version "4.17.4"
  resolved "https://registry.yarnpkg.com/lodash/-/lodash-4.17.4.tgz#78203a4d1c328ae1d86dca6460e369b57f4055ae"

memory-fs@^0.4.1:
  version "0.4.1"
  resolved "https://registry.yarnpkg.com/memory-fs/-/memory-fs-0.4.1.tgz#3a9a20b8462523e447cfbc7e8bb80ed667bfc552"
  dependencies:
    errno "^0.1.3"
    readable-stream "^2.0.1"

merge-descriptors@~1.0.0:
  version "1.0.1"
  resolved "https://registry.yarnpkg.com/merge-descriptors/-/merge-descriptors-1.0.1.tgz#b00aaa556dd8b44568150ec9d1b953f3f90cbb61"

minimatch@^3.0.0, minimatch@^3.0.2:
  version "3.0.4"
  resolved "https://registry.yarnpkg.com/minimatch/-/minimatch-3.0.4.tgz#5166e286457f03306064be5497e8dbb0c3d32083"
  dependencies:
    brace-expansion "^1.1.7"

module-not-found-error@^1.0.0:
  version "1.0.1"
  resolved "https://registry.yarnpkg.com/module-not-found-error/-/module-not-found-error-1.0.1.tgz#cf8b4ff4f29640674d6cdd02b0e3bc523c2bbdc0"

ms@2.0.0:
  version "2.0.0"
  resolved "https://registry.yarnpkg.com/ms/-/ms-2.0.0.tgz#5608aeadfc00be6c2901df5f9861788de0d597c8"

multimatch@^2.1.0:
  version "2.1.0"
  resolved "https://registry.yarnpkg.com/multimatch/-/multimatch-2.1.0.tgz#9c7906a22fb4c02919e2f5f75161b4cdbd4b2a2b"
  dependencies:
    array-differ "^1.0.0"
    array-union "^1.0.1"
    arrify "^1.0.0"
    minimatch "^3.0.0"

node-dir@^0.1.17:
  version "0.1.17"
  resolved "https://registry.yarnpkg.com/node-dir/-/node-dir-0.1.17.tgz#5f5665d93351335caabef8f1c554516cf5f1e4e5"
  dependencies:
    minimatch "^3.0.2"

parse5@^3.0.2:
  version "3.0.2"
  resolved "https://registry.yarnpkg.com/parse5/-/parse5-3.0.2.tgz#05eff57f0ef4577fb144a79f8b9a967a6cc44510"
  dependencies:
    "@types/node" "^6.0.46"

pify@^3.0.0:
  version "3.0.0"
  resolved "https://registry.yarnpkg.com/pify/-/pify-3.0.0.tgz#e5a4acd2c101fdf3d9a4d07f0dbc4db49dd28176"

process-nextick-args@^1.0.6, process-nextick-args@~1.0.6:
  version "1.0.7"
  resolved "https://registry.yarnpkg.com/process-nextick-args/-/process-nextick-args-1.0.7.tgz#150e20b756590ad3f91093f25a4f2ad8bff30ba3"

property-information@^3.0.0, property-information@^3.1.0:
  version "3.2.0"
  resolved "https://registry.yarnpkg.com/property-information/-/property-information-3.2.0.tgz#fd1483c8fbac61808f5fe359e7693a1f48a58331"

proxyquire@^1.8.0:
  version "1.8.0"
  resolved "https://registry.yarnpkg.com/proxyquire/-/proxyquire-1.8.0.tgz#02d514a5bed986f04cbb2093af16741535f79edc"
  dependencies:
    fill-keys "^1.0.2"
    module-not-found-error "^1.0.0"
    resolve "~1.1.7"

prr@~0.0.0:
  version "0.0.0"
  resolved "https://registry.yarnpkg.com/prr/-/prr-0.0.0.tgz#1a84b85908325501411853d0081ee3fa86e2926a"

readable-stream@^2.0.1, readable-stream@^2.1.5:
  version "2.3.3"
  resolved "https://registry.yarnpkg.com/readable-stream/-/readable-stream-2.3.3.tgz#368f2512d79f9d46fdfc71349ae7878bbc1eb95c"
  dependencies:
    core-util-is "~1.0.0"
    inherits "~2.0.3"
    isarray "~1.0.0"
    process-nextick-args "~1.0.6"
    safe-buffer "~5.1.1"
    string_decoder "~1.0.3"
    util-deprecate "~1.0.1"

remove-trailing-separator@^1.0.1:
  version "1.0.2"
  resolved "https://registry.yarnpkg.com/remove-trailing-separator/-/remove-trailing-separator-1.0.2.tgz#69b062d978727ad14dc6b56ba4ab772fd8d70511"

replace-ext@^1.0.0:
  version "1.0.0"
  resolved "https://registry.yarnpkg.com/replace-ext/-/replace-ext-1.0.0.tgz#de63128373fcbf7c3ccfa4de5a480c45a67958eb"

resolve@~1.1.7:
  version "1.1.7"
  resolved "https://registry.yarnpkg.com/resolve/-/resolve-1.1.7.tgz#203114d82ad2c5ed9e8e0411b3932875e889e97b"

safe-buffer@~5.1.0, safe-buffer@~5.1.1:
  version "5.1.1"
  resolved "https://registry.yarnpkg.com/safe-buffer/-/safe-buffer-5.1.1.tgz#893312af69b2123def71f57889001671eeb2c853"

slash@^1.0.0:
  version "1.0.0"
  resolved "https://registry.yarnpkg.com/slash/-/slash-1.0.0.tgz#c41f2f6c39fc16d1cd17ad4b5d896114ae470d55"

slugify@^1.1.0:
  version "1.1.0"
  resolved "https://registry.yarnpkg.com/slugify/-/slugify-1.1.0.tgz#7e5b0938d52b5efab1878247ef0f6a4f05db7ee0"

space-separated-tokens@^1.0.0:
  version "1.1.1"
  resolved "https://registry.yarnpkg.com/space-separated-tokens/-/space-separated-tokens-1.1.1.tgz#9695b9df9e65aec1811d4c3f9ce52520bc2f7e4d"
  dependencies:
    trim "0.0.1"

string_decoder@~1.0.3:
  version "1.0.3"
  resolved "https://registry.yarnpkg.com/string_decoder/-/string_decoder-1.0.3.tgz#0fc67d7c141825de94282dd536bec6b9bce860ab"
  dependencies:
    safe-buffer "~5.1.0"

stringify-entities@^1.0.1:
  version "1.3.1"
  resolved "https://registry.yarnpkg.com/stringify-entities/-/stringify-entities-1.3.1.tgz#b150ec2d72ac4c1b5f324b51fb6b28c9cdff058c"
  dependencies:
    character-entities-html4 "^1.0.0"
    character-entities-legacy "^1.0.0"
    is-alphanumerical "^1.0.0"
    is-hexadecimal "^1.0.0"

through2@^2.0.1:
  version "2.0.3"
  resolved "https://registry.yarnpkg.com/through2/-/through2-2.0.3.tgz#0004569b37c7c74ba39c43f3ced78d1ad94140be"
  dependencies:
    readable-stream "^2.1.5"
    xtend "~4.0.1"

titlecase@^1.1.2:
  version "1.1.2"
  resolved "https://registry.yarnpkg.com/titlecase/-/titlecase-1.1.2.tgz#78113d1108086b8326331a3247dea8f5a49ea853"

trim@0.0.1:
  version "0.0.1"
  resolved "https://registry.yarnpkg.com/trim/-/trim-0.0.1.tgz#5858547f6b290757ee95cccc666fb50084c460dd"

unist-util-is@^2.0.0:
  version "2.1.1"
  resolved "https://registry.yarnpkg.com/unist-util-is/-/unist-util-is-2.1.1.tgz#0c312629e3f960c66e931e812d3d80e77010947b"

util-deprecate@~1.0.1:
  version "1.0.2"
  resolved "https://registry.yarnpkg.com/util-deprecate/-/util-deprecate-1.0.2.tgz#450d4dc9fa70de732762fbd2d4a28981419a0ccf"

vfile-location@^2.0.0:
  version "2.0.2"
  resolved "https://registry.yarnpkg.com/vfile-location/-/vfile-location-2.0.2.tgz#d3675c59c877498e492b4756ff65e4af1a752255"

vinyl@^2.0.2, vinyl@^2.1.0:
  version "2.1.0"
  resolved "https://registry.yarnpkg.com/vinyl/-/vinyl-2.1.0.tgz#021f9c2cf951d6b939943c89eb5ee5add4fd924c"
  dependencies:
    clone "^2.1.1"
    clone-buffer "^1.0.0"
    clone-stats "^1.0.0"
    cloneable-readable "^1.0.0"
    remove-trailing-separator "^1.0.1"
    replace-ext "^1.0.0"

xtend@^4.0.1, xtend@~4.0.1:
  version "4.0.1"
  resolved "https://registry.yarnpkg.com/xtend/-/xtend-4.0.1.tgz#a5c6d532be656e23db820efb943a1f04998d63af"
