# THIS IS AN AUTOGENERATED FILE. DO NOT EDIT THIS FILE DIRECTLY.
# yarn lockfile v1


check-types@^7.2.0:
  version "7.2.0"
  resolved "https://registry.yarnpkg.com/check-types/-/check-types-7.2.0.tgz#a42786e795be2970b5620d334d40e9ff6f2511a5"

lodash@^4.17.4:
  version "4.17.4"
  resolved "https://registry.yarnpkg.com/lodash/-/lodash-4.17.4.tgz#78203a4d1c328ae1d86dca6460e369b57f4055ae"
